
Microsoft Visual Studio Solution File, Format Version 12.00
# Visual Studio Version 16
VisualStudioVersion = 16.0.31702.278
MinimumVisualStudioVersion = 10.0.40219.1
Project("{9A19103F-16F7-4668-BE54-9A1E7A4F7556}") = "Builder", "Builder\Builder.csproj", "{6F7CFB81-060D-40B4-83AA-EEBD4809421B}"
EndProject
Project("{FAE04EC0-301F-11D3-BF4B-00C04F79EFBC}") = "Factory", "Factory\Factory.csproj", "{7530A7A3-0DC3-46CD-A741-EC973118F469}"
EndProject
Global
	GlobalSection(SolutionConfigurationPlatforms) = preSolution
		Debug|Any CPU = Debug|Any CPU
		Release|Any CPU = Release|Any CPU
	EndGlobalSection
	GlobalSection(ProjectConfigurationPlatforms) = postSolution
		{6F7CFB81-060D-40B4-83AA-EEBD4809421B}.Debug|Any CPU.ActiveCfg = Debug|Any CPU
		{6F7CFB81-060D-40B4-83AA-EEBD4809421B}.Debug|Any CPU.Build.0 = Debug|Any CPU
		{6F7CFB81-060D-40B4-83AA-EEBD4809421B}.Release|Any CPU.ActiveCfg = Release|Any CPU
		{6F7CFB81-060D-40B4-83AA-EEBD4809421B}.Release|Any CPU.Build.0 = Release|Any CPU
		{7530A7A3-0DC3-46CD-A741-EC973118F469}.Debug|Any CPU.ActiveCfg = Debug|Any CPU
		{7530A7A3-0DC3-46CD-A741-EC973118F469}.Debug|Any CPU.Build.0 = Debug|Any CPU
		{7530A7A3-0DC3-46CD-A741-EC973118F469}.Release|Any CPU.ActiveCfg = Release|Any CPU
		{7530A7A3-0DC3-46CD-A741-EC973118F469}.Release|Any CPU.Build.0 = Release|Any CPU
	EndGlobalSection
	GlobalSection(SolutionProperties) = preSolution
		HideSolutionNode = FALSE
	EndGlobalSection
	GlobalSection(ExtensibilityGlobals) = postSolution
		SolutionGuid = {1619E7A5-F8D5-45CC-BD67-917B0C731260}
	EndGlobalSection
EndGlobal
